<?xml version="1.0" encoding="utf-8"?>
<Project ToolsVersion="4.0" xmlns="http://schemas.microsoft.com/developer/msbuild/2003">
  <ItemGroup>
    <FxCompile Include="Resources\Shaders\Object3d.PS.hlsl" />
    <FxCompile Include="Resources\Shaders\Object3d.VS.hlsl" />
    <FxCompile Include="Resources\Shaders\Particle.PS.hlsl" />
    <FxCompile Include="Resources\Shaders\Particle.VS.hlsl" />
    <FxCompile Include="Resources\Shaders\Wireframe.VS.hlsl" />
    <FxCompile Include="Resources\Shaders\Wireframe.PS.hlsl" />
    <FxCompile Include="Resources\Shaders\Sprite.PS.hlsl" />
    <FxCompile Include="Resources\Shaders\Sprite.VS.hlsl" />
  </ItemGroup>
  <ItemGroup>
    <ClCompile Include="EngineLayers\ApplicationLayer\SceneManagement\LogicLayer\GamePlayScene\Enemy\Enemy.cpp" />
    <ClCompile Include="EngineLayers\ApplicationLayer\SceneManagement\LogicLayer\AkimotoScene.cpp" />
    <ClCompile Include="EngineLayers\EngineLayer\Quaternion\Quaternion.cpp" />
    <ClCompile Include="EngineLayers\EngineLayer\ResourceManagement\AnimationManager\AnimationManager.cpp" />
    <ClCompile Include="EngineLayers\ApplicationLayer\CameraManagement\DebugCamera\DebugCamera.cpp" />
    <ClCompile Include="EngineLayers\ApplicationLayer\Colliders\Collider.cpp" />
    <ClCompile Include="EngineLayers\ApplicationLayer\Colliders\CollisionManager.cpp" />
    <ClCompile Include="EngineLayers\ApplicationLayer\Colliders\ContactRecord.cpp" />
    <ClCompile Include="EngineLayers\ApplicationLayer\SceneManagement\AbstractSceneFactory\AbstractSceneFactory.cpp" />
    <ClCompile Include="EngineLayers\ApplicationLayer\SceneManagement\BaseScene\BaseScene.cpp" />
    <ClCompile Include="EngineLayers\EngineLayer\Audio\AudioManager.cpp" />
    <ClCompile Include="EngineLayers\ApplicationLayer\CameraManagement\Camera\Camera.cpp" />
    <ClCompile Include="EngineLayers\EngineLayer\WorldTransform\WorldTransform.cpp" />
    <ClCompile Include="EngineLayers\EngineLayer\ResourceChecker\LeakCheck\D3DResourceLeakChecker.cpp" />
    <ClCompile Include="EngineLayers\EngineLayer\Rendering\DXLib\DX12DepthStencil\DX12DepthStencil.cpp" />
    <ClCompile Include="EngineLayers\EngineLayer\Rendering\DXLib\DirectXCommon\DirectXCommon.cpp" />
    <ClCompile Include="EngineLayers\EngineLayer\Rendering\DXLib\DX12Descriptor\DX12Descriptor.cpp" />
    <ClCompile Include="EngineLayers\EngineLayer\Rendering\DXLib\DX12Device\DX12Device.cpp" />
    <ClCompile Include="EngineLayers\EngineLayer\Rendering\DXLib\DX12SwapChain\DX12SwapChain.cpp" />
    <ClCompile Include="Externals\imgui\imgui.cpp" />
    <ClCompile Include="Externals\imgui\imgui_demo.cpp" />
    <ClCompile Include="Externals\imgui\imgui_draw.cpp" />
    <ClCompile Include="Externals\imgui\imgui_impl_dx12.cpp" />
    <ClCompile Include="Externals\imgui\imgui_impl_win32.cpp" />
    <ClCompile Include="Externals\imgui\imgui_tables.cpp" />
    <ClCompile Include="Externals\imgui\imgui_widgets.cpp" />
    <ClCompile Include="EngineLayers\FrameworkLayer\PresentationLayer\ImGuiManager\ImGuiManager.cpp" />
    <ClCompile Include="EngineLayers\ApplicationLayer\Input\Input.cpp" />
    <ClCompile Include="EngineLayers\FrameworkLayer\Log\LogString.cpp" />
    <ClCompile Include="EngineLayers\FrameworkLayer\Framework\GameEngine.cpp" />
    <ClCompile Include="EngineLayers\FrameworkLayer\Framework\Framework.cpp" />
    <ClCompile Include="EngineLayers\ApplicationLayer\SceneManagement\LogicLayer\GamePlayScene\GamePlayScene.cpp" />
    <ClCompile Include="EngineLayers\EngineLayer\Matrix\Matrix4x4.cpp" />
    <ClCompile Include="EngineLayers\ApplicationLayer\Object\3D\Model\Model.cpp" />
    <ClCompile Include="EngineLayers\EngineLayer\ResourceManagement\ModelManager\ModelManager.cpp" />
    <ClCompile Include="EngineLayers\ApplicationLayer\Object\3D\Object3D\Object3D.cpp" />
    <ClCompile Include="EngineLayers\EngineLayer\Rendering\PSO\PipelineStateManager\PipelineStateManager.cpp" />
    <ClCompile Include="EngineLayers\EngineLayer\ResourceManagement\ResourceManager\ResourceManager.cpp" />
    <ClCompile Include="EngineLayers\EngineLayer\ResourceChecker\ReleseCheck\ResourceObject.cpp" />
    <ClCompile Include="EngineLayers\EngineLayer\Rendering\PSO\ShaderManager\ShaderManager.cpp" />
    <ClCompile Include="EngineLayers\ApplicationLayer\Object\2D\Sprite\Sprite.cpp" />
    <ClCompile Include="EngineLayers\EngineLayer\ResourceManagement\TextureManager\TextureManager.cpp" />
    <ClCompile Include="EngineLayers\EngineLayer\Vectors\Vector2.cpp" />
    <ClCompile Include="EngineLayers\EngineLayer\Vectors\Vector3.cpp" />
    <ClCompile Include="EngineLayers\FrameworkLayer\WindowManagement\WindowsAPI\WinApp.cpp" />
    <ClCompile Include="EngineLayers\ApplicationLayer\Object\3D\Object3DCommon\Object3DCommon.cpp" />
    <ClCompile Include="EngineLayers\EffectLayer\ParticleEmitter.cpp" />
    <ClCompile Include="EngineLayers\EffectLayer\ParticleManager.cpp" />
    <ClCompile Include="EngineLayers\EngineLayer\Audio\WavLoader.cpp" />
    <ClCompile Include="EngineLayers\EngineLayer\Rendering\SRVManager\SRVManager.cpp" />
    <ClCompile Include="EngineLayers\ApplicationLayer\SceneManagement\SceneFactory\SceneFactory.cpp" />
    <ClCompile Include="EngineLayers\ApplicationLayer\SceneManagement\SceneManager\SceneManager.cpp" />
    <ClCompile Include="EngineLayers\ApplicationLayer\SceneManagement\LogicLayer\TitleScene\TitleScene.cpp" />
    <ClCompile Include="EngineLayers\FrameworkLayer\PresentationLayer\ParameterManager\ParameterManager.cpp" />
    <ClCompile Include="EngineLayers\ApplicationLayer\SceneManagement\LogicLayer\GameClearScene\GameClearScene.cpp" />
    <ClCompile Include="EngineLayers\ApplicationLayer\SceneManagement\LogicLayer\GameOverScene\GameOverScene.cpp" />
    <ClCompile Include="EngineLayers\ApplicationLayer\SceneManagement\LogicLayer\TuboScene.cpp" />
    <ClCompile Include="EngineLayers\ApplicationLayer\SceneManagement\LogicLayer\SatouScene.cpp" />
    <ClCompile Include="EngineLayers\ApplicationLayer\SceneManagement\LogicLayer\GamePlayScene\Player.cpp" />
    <ClCompile Include="EngineLayers\ApplicationLayer\SceneManagement\LogicLayer\GamePlayScene\Weapon.cpp" />
    <ClCompile Include="EngineLayers\ApplicationLayer\SceneManagement\LogicLayer\GamePlayScene\Field\Field.cpp" />
    <ClCompile Include="WinMain.cpp" />
    <ClCompile Include="EngineLayers\ApplicationLayer\Object\2D\Wireframe\Wireframe.cpp" />
    <ClCompile Include="EngineLayers\ApplicationLayer\SceneManagement\LogicLayer\GamePlayScene\Enemy\EnemyBullet.cpp" />
    <ClCompile Include="EngineLayers\ApplicationLayer\SceneManagement\LogicLayer\GamePlayScene\Hook.cpp" />
    <ClCompile Include="EngineLayers\ApplicationLayer\SceneManagement\LogicLayer\GamePlayScene\Easing.cpp" />
    <ClCompile Include="EngineLayers\ApplicationLayer\SceneManagement\LogicLayer\FadeManager.cpp" />
    <ClCompile Include="SpriteManager.cpp" />
    <ClCompile Include="EngineLayers\EngineLayer\LightManager\LightManager.cpp" />
    <ClCompile Include="EngineLayers\EngineLayer\SkyBoxManager.cpp" />
    <ClCompile Include="EngineLayers\ApplicationLayer\Object\SkyBox.cpp" />
    <ClCompile Include="Hook.cpp" />
    <ClCompile Include="Easing.cpp" />
    <ClCompile Include="FadeManager.cpp" />
    <ClCompile Include="EngineLayers\ApplicationLayer\SceneManagement\LogicLayer\GamePlayScene\Enemy\AttackCommand.cpp" />
  </ItemGroup>
  <ItemGroup>
    <ClInclude Include="EngineLayers\ApplicationLayer\SceneManagement\LogicLayer\GamePlayScene\Enemy\Enemy.h" />
    <ClInclude Include="EngineLayers\ApplicationLayer\SceneManagement\LogicLayer\AkimotoScene.h" />
    <ClInclude Include="EngineLayers\EngineLayer\Quaternion\Quaternion.h" />
    <ClInclude Include="EngineLayers\EngineLayer\ResourceManagement\AnimationManager\AnimationManager.h" />
    <ClInclude Include="EngineLayers\ApplicationLayer\CameraManagement\DebugCamera\DebugCamera.h" />
    <ClInclude Include="EngineLayers\ApplicationLayer\Colliders\Collider.h" />
    <ClInclude Include="EngineLayers\ApplicationLayer\Colliders\CollisionManager.h" />
    <ClInclude Include="EngineLayers\ApplicationLayer\Colliders\CollisionTypeIdDef.h" />
    <ClInclude Include="EngineLayers\ApplicationLayer\Colliders\ContactRecord.h" />
    <ClInclude Include="EngineLayers\ApplicationLayer\SceneManagement\AbstractSceneFactory\AbstractSceneFactory.h" />
    <ClInclude Include="EngineLayers\ApplicationLayer\SceneManagement\BaseScene\BaseScene.h" />
    <ClInclude Include="EngineLayers\EngineLayer\MultipleStructs\AABB.h" />
    <ClInclude Include="EngineLayers\EngineLayer\Audio\AudioManager.h" />
    <ClInclude Include="EngineLayers\EngineLayer\MultipleStructs\AudioStructs.h" />
    <ClInclude Include="EngineLayers\EngineLayer\MultipleStructs\Emitter.h" />
    <ClInclude Include="EngineLayers\ApplicationLayer\CameraManagement\Camera\Camera.h" />
    <ClInclude Include="EngineLayers\EngineLayer\MultipleStructs\VertexData.h" />
    <ClInclude Include="EngineLayers\EngineLayer\WorldTransform\WorldTransform.h" />
    <ClInclude Include="EngineLayers\EngineLayer\ResourceChecker\LeakCheck\D3DResourceLeakChecker.h" />
    <ClInclude Include="EngineLayers\EngineLayer\Rendering\DXLib\DX12DepthStencil\DX12DepthStencil.h" />
    <ClInclude Include="EngineLayers\EngineLayer\Rendering\DXLib\DirectXCommon\DirectXCommon.h" />
    <ClInclude Include="EngineLayers\EngineLayer\Rendering\DXLib\DX12Descriptor\DX12Descriptor.h" />
    <ClInclude Include="EngineLayers\EngineLayer\Rendering\DXLib\DX12Device\DX12Device.h" />
    <ClInclude Include="EngineLayers\EngineLayer\Rendering\DXLib\DX12Include.h" />
    <ClInclude Include="EngineLayers\EngineLayer\Rendering\DXLib\DX12SwapChain\DX12SwapChain.h" />
    <ClInclude Include="EngineLayers\EngineLayer\MultipleStructs\BlendModeType.h" />
    <ClInclude Include="Externals\imgui\imconfig.h" />
    <ClInclude Include="Externals\imgui\imgui.h" />
    <ClInclude Include="Externals\imgui\imgui_impl_dx12.h" />
    <ClInclude Include="Externals\imgui\imgui_impl_win32.h" />
    <ClInclude Include="Externals\imgui\imgui_internal.h" />
    <ClInclude Include="Externals\imgui\imstb_rectpack.h" />
    <ClInclude Include="Externals\imgui\imstb_textedit.h" />
    <ClInclude Include="Externals\imgui\imstb_truetype.h" />
    <ClInclude Include="EngineLayers\FrameworkLayer\PresentationLayer\ImGuiManager\ImGuiManager.h" />
    <ClInclude Include="EngineLayers\ApplicationLayer\Input\Input.h" />
    <ClInclude Include="EngineLayers\FrameworkLayer\Log\LogString.h" />
    <ClInclude Include="EngineLayers\EngineLayer\MultipleStructs\Material.h" />
    <ClInclude Include="EngineLayers\EngineLayer\MultipleStructs\MaterialData.h" />
    <ClInclude Include="EngineLayers\EngineLayer\Matrix\Matrix4x4.h" />
    <ClInclude Include="EngineLayers\ApplicationLayer\Object\3D\Model\Model.h" />
    <ClInclude Include="EngineLayers\EngineLayer\MultipleStructs\ModelData.h" />
    <ClInclude Include="EngineLayers\EngineLayer\ResourceManagement\ModelManager\ModelManager.h" />
    <ClInclude Include="EngineLayers\ApplicationLayer\Object\3D\Object3D\Object3D.h" />
    <ClInclude Include="EngineLayers\EngineLayer\Rendering\PSO\PipelineStateManager\PipelineStateManager.h" />
    <ClInclude Include="EngineLayers\EngineLayer\ResourceManagement\ResourceManager\ResourceManager.h" />
    <ClInclude Include="EngineLayers\EngineLayer\ResourceChecker\ReleseCheck\ResourceObject.h" />
    <ClInclude Include="EngineLayers\EngineLayer\Rendering\PSO\ShaderManager\ShaderManager.h" />
    <ClInclude Include="EngineLayers\ApplicationLayer\Object\2D\Sprite\Sprite.h" />
    <ClInclude Include="EngineLayers\EngineLayer\ResourceManagement\TextureManager\TextureManager.h" />
    <ClInclude Include="EngineLayers\EngineLayer\Vectors\Vector2.h" />
    <ClInclude Include="EngineLayers\EngineLayer\Vectors\Vector3.h" />
    <ClInclude Include="EngineLayers\EngineLayer\Vectors\Vector4.h" />
    <ClInclude Include="EngineLayers\FrameworkLayer\WindowManagement\WindowsAPI\WinApp.h" />
    <ClInclude Include="EngineLayers\ApplicationLayer\Object\3D\Object3DCommon\Object3DCommon.h" />
    <ClInclude Include="EngineLayers\EffectLayer\ParticleEmitter.h" />
    <ClInclude Include="EngineLayers\EffectLayer\ParticleManager.h" />
    <ClInclude Include="EngineLayers\EngineLayer\Audio\WavLoader.h" />
    <ClInclude Include="EngineLayers\FrameworkLayer\Framework\GameEngine.h" />
    <ClInclude Include="EngineLayers\EngineLayer\Rendering\SRVManager\SRVManager.h" />
    <ClInclude Include="EngineLayers\EngineLayer\Audio\PlaybackManager.h" />
    <ClInclude Include="EngineLayers\EngineLayer\Audio\WavLoaderException.h" />
    <ClInclude Include="EngineLayers\FrameworkLayer\Framework\Framework.h" />
    <ClInclude Include="EngineLayers\ApplicationLayer\SceneManagement\LogicLayer\GamePlayScene\GamePlayScene.h" />
    <ClInclude Include="EngineLayers\ApplicationLayer\SceneManagement\SceneFactory\SceneFactory.h" />
    <ClInclude Include="EngineLayers\ApplicationLayer\SceneManagement\SceneManager\SceneManager.h" />
    <ClInclude Include="EngineLayers\ApplicationLayer\SceneManagement\LogicLayer\TitleScene\TitleScene.h" />
    <ClInclude Include="EngineLayers\FrameworkLayer\PresentationLayer\ParameterManager\ParameterManager.h" />
    <ClInclude Include="EngineLayers\ApplicationLayer\SceneManagement\LogicLayer\GameClearScene\GameClearScene.h" />
    <ClInclude Include="EngineLayers\ApplicationLayer\SceneManagement\LogicLayer\GameOverScene\GameOverScene.h" />
    <ClInclude Include="EngineLayers\EngineLayer\MultipleStructs\OBB.h" />
    <ClInclude Include="EngineLayers\ApplicationLayer\Object\2D\Wireframe\Wireframe.h" />
    <ClInclude Include="EngineLayers\ApplicationLayer\SceneManagement\LogicLayer\TuboScene.h" />
    <ClInclude Include="EngineLayers\ApplicationLayer\SceneManagement\LogicLayer\SatouScene.h" />
    <ClInclude Include="EngineLayers\ApplicationLayer\SceneManagement\LogicLayer\GamePlayScene\Player.h" />
    <ClInclude Include="EngineLayers\ApplicationLayer\SceneManagement\LogicLayer\GamePlayScene\Weapon.h" />
    <ClInclude Include="EngineLayers\ApplicationLayer\SceneManagement\LogicLayer\GamePlayScene\Field\Field.h" />
    <ClInclude Include="EngineLayers\ApplicationLayer\SceneManagement\LogicLayer\GamePlayScene\Enemy\EnemyBullet.h" />
    <ClInclude Include="EngineLayers\ApplicationLayer\SceneManagement\LogicLayer\GamePlayScene\Hook.h" />
    <ClInclude Include="EngineLayers\ApplicationLayer\SceneManagement\LogicLayer\GamePlayScene\Easing.h" />
    <ClInclude Include="EngineLayers\ApplicationLayer\SceneManagement\LogicLayer\FadeManager.h" />
    <ClInclude Include="SpriteManager.h" />
    <ClInclude Include="EngineLayers\EngineLayer\LightManager\LightManager.h" />
    <ClInclude Include="EngineLayers\EngineLayer\SkyBoxManager.h" />
    <ClInclude Include="EngineLayers\ApplicationLayer\Object\SkyBox.h" />
    <ClInclude Include="Hook.h" />
    <ClInclude Include="Easing.h" />
    <ClInclude Include="FadeManager.h" />
    <ClInclude Include="EngineLayers\ApplicationLayer\SceneManagement\LogicLayer\GamePlayScene\Enemy\AttackCommand.h" />
  </ItemGroup>
  <ItemGroup>
    <None Include="Resources\Shaders\Object3d.hlsli" />
    <None Include="Resources\Shaders\Particle.hlsli" />
    <None Include="Resources\Shaders\Sprite.hlsli" />
  </ItemGroup>
  <ItemGroup>
    <Text Include="Externals\imgui\LICENSE.txt" />
  </ItemGroup>
</Project>